
Microsoft Visual Studio Solution File, Format Version 12.00
# Visual Studio Version 16
VisualStudioVersion = 16.0.30907.101
MinimumVisualStudioVersion = 10.0.40219.1
Project("{FAE04EC0-301F-11D3-BF4B-00C04F79EFBC}") = "ShutingWang.HotelSystem.MVC", "ShutingWang.HotelSystem.MVC\ShutingWang.HotelSystem.MVC.csproj", "{D9CBFBDE-78F9-49E5-B799-F29988972049}"
EndProject
Project("{FAE04EC0-301F-11D3-BF4B-00C04F79EFBC}") = "ShutingWang.HotelSystem.Core", "ShutingWang.HotelSystem.Core\ShutingWang.HotelSystem.Core.csproj", "{EF4071E5-330B-4B60-A634-FDA19D076C6E}"
EndProject
Project("{FAE04EC0-301F-11D3-BF4B-00C04F79EFBC}") = "ShutingWang.HotelSystem.Infrastructure", "ShutingWang.HotelSystem.Infrastructure\ShutingWang.HotelSystem.Infrastructure.csproj", "{B2BD87E1-F79A-4DC1-8EEF-E619D33CE5E0}"
EndProject
Project("{FAE04EC0-301F-11D3-BF4B-00C04F79EFBC}") = "ShutingWang.HotelSystem.API", "ShutingWang.HotelSystem.API\ShutingWang.HotelSystem.API.csproj", "{8416E7AE-403E-4950-8B33-FB5DC60C8D1C}"
EndProject
Global
	GlobalSection(SolutionConfigurationPlatforms) = preSolution
		Debug|Any CPU = Debug|Any CPU
		Release|Any CPU = Release|Any CPU
	EndGlobalSection
	GlobalSection(ProjectConfigurationPlatforms) = postSolution
		{D9CBFBDE-78F9-49E5-B799-F29988972049}.Debug|Any CPU.ActiveCfg = Debug|Any CPU
		{D9CBFBDE-78F9-49E5-B799-F29988972049}.Debug|Any CPU.Build.0 = Debug|Any CPU
		{D9CBFBDE-78F9-49E5-B799-F29988972049}.Release|Any CPU.ActiveCfg = Release|Any CPU
		{D9CBFBDE-78F9-49E5-B799-F29988972049}.Release|Any CPU.Build.0 = Release|Any CPU
		{EF4071E5-330B-4B60-A634-FDA19D076C6E}.Debug|Any CPU.ActiveCfg = Debug|Any CPU
		{EF4071E5-330B-4B60-A634-FDA19D076C6E}.Debug|Any CPU.Build.0 = Debug|Any CPU
		{EF4071E5-330B-4B60-A634-FDA19D076C6E}.Release|Any CPU.ActiveCfg = Release|Any CPU
		{EF4071E5-330B-4B60-A634-FDA19D076C6E}.Release|Any CPU.Build.0 = Release|Any CPU
		{B2BD87E1-F79A-4DC1-8EEF-E619D33CE5E0}.Debug|Any CPU.ActiveCfg = Debug|Any CPU
		{B2BD87E1-F79A-4DC1-8EEF-E619D33CE5E0}.Debug|Any CPU.Build.0 = Debug|Any CPU
		{B2BD87E1-F79A-4DC1-8EEF-E619D33CE5E0}.Release|Any CPU.ActiveCfg = Release|Any CPU
		{B2BD87E1-F79A-4DC1-8EEF-E619D33CE5E0}.Release|Any CPU.Build.0 = Release|Any CPU
		{8416E7AE-403E-4950-8B33-FB5DC60C8D1C}.Debug|Any CPU.ActiveCfg = Debug|Any CPU
		{8416E7AE-403E-4950-8B33-FB5DC60C8D1C}.Debug|Any CPU.Build.0 = Debug|Any CPU
		{8416E7AE-403E-4950-8B33-FB5DC60C8D1C}.Release|Any CPU.ActiveCfg = Release|Any CPU
		{8416E7AE-403E-4950-8B33-FB5DC60C8D1C}.Release|Any CPU.Build.0 = Release|Any CPU
	EndGlobalSection
	GlobalSection(SolutionProperties) = preSolution
		HideSolutionNode = FALSE
	EndGlobalSection
	GlobalSection(ExtensibilityGlobals) = postSolution
		SolutionGuid = {63D2F69C-823A-4C11-A06F-078DE3299983}
	EndGlobalSection
EndGlobal
